// !$*UTF8*$!
{
	archiveVersion = 1;
	classes = {
	};
	objectVersion = 46;
	objects = {

/* Begin PBXBuildFile section */
		AE99A4431D77FC69004E917A /* AppDelegate.swift in Sources */ = {isa = PBXBuildFile; fileRef = AE99A4421D77FC69004E917A /* AppDelegate.swift */; };
		AE99A4451D77FC69004E917A /* Login.swift in Sources */ = {isa = PBXBuildFile; fileRef = AE99A4441D77FC69004E917A /* Login.swift */; };
		AE99A4481D77FC69004E917A /* Main.storyboard in Resources */ = {isa = PBXBuildFile; fileRef = AE99A4461D77FC69004E917A /* Main.storyboard */; };
		AE99A44A1D77FC69004E917A /* Assets.xcassets in Resources */ = {isa = PBXBuildFile; fileRef = AE99A4491D77FC69004E917A /* Assets.xcassets */; };
		AE99A44D1D77FC69004E917A /* LaunchScreen.storyboard in Resources */ = {isa = PBXBuildFile; fileRef = AE99A44B1D77FC69004E917A /* LaunchScreen.storyboard */; };
		AE99A4551D77FDAC004E917A /* GoogleService-Info.plist in Resources */ = {isa = PBXBuildFile; fileRef = AE99A4541D77FDAC004E917A /* GoogleService-Info.plist */; };
		AE99A4571D781FDA004E917A /* Register.swift in Sources */ = {isa = PBXBuildFile; fileRef = AE99A4561D781FDA004E917A /* Register.swift */; };
		AE99A4951D7C5C16004E917A /* Shuttle query.swift in Sources */ = {isa = PBXBuildFile; fileRef = AE99A4941D7C5C16004E917A /* Shuttle query.swift */; };
		AE99A4971D7D3EFE004E917A /* Passengers Table.swift in Sources */ = {isa = PBXBuildFile; fileRef = AE99A4961D7D3EFE004E917A /* Passengers Table.swift */; };
		AE99A4991D7D8607004E917A /* Passanger.swift in Sources */ = {isa = PBXBuildFile; fileRef = AE99A4981D7D8607004E917A /* Passanger.swift */; };
		AE99A49C1D7D9839004E917A /* ShuttleQueryCell.swift in Sources */ = {isa = PBXBuildFile; fileRef = AE99A49B1D7D9839004E917A /* ShuttleQueryCell.swift */; };
		B810C5CA1440E04A70D39297 /* Pods_Shuttle_info.framework in Frameworks */ = {isa = PBXBuildFile; fileRef = C2B250C92816EB860F7965AB /* Pods_Shuttle_info.framework */; };
/* End PBXBuildFile section */

/* Begin PBXFileReference section */
		1072CA8C92A75A290D665228 /* Pods-Shuttle info.release.xcconfig */ = {isa = PBXFileReference; includeInIndex = 1; lastKnownFileType = text.xcconfig; name = "Pods-Shuttle info.release.xcconfig"; path = "Pods/Target Support Files/Pods-Shuttle info/Pods-Shuttle info.release.xcconfig"; sourceTree = "<group>"; };
		8D7EE99005B317973B10804E /* Pods-Shuttle info.debug.xcconfig */ = {isa = PBXFileReference; includeInIndex = 1; lastKnownFileType = text.xcconfig; name = "Pods-Shuttle info.debug.xcconfig"; path = "Pods/Target Support Files/Pods-Shuttle info/Pods-Shuttle info.debug.xcconfig"; sourceTree = "<group>"; };
		AE99A43F1D77FC69004E917A /* Shuttle info.app */ = {isa = PBXFileReference; explicitFileType = wrapper.application; includeInIndex = 0; path = "Shuttle info.app"; sourceTree = BUILT_PRODUCTS_DIR; };
		AE99A4421D77FC69004E917A /* AppDelegate.swift */ = {isa = PBXFileReference; lastKnownFileType = sourcecode.swift; path = AppDelegate.swift; sourceTree = "<group>"; };
		AE99A4441D77FC69004E917A /* Login.swift */ = {isa = PBXFileReference; lastKnownFileType = sourcecode.swift; path = Login.swift; sourceTree = "<group>"; };
		AE99A4471D77FC69004E917A /* Base */ = {isa = PBXFileReference; lastKnownFileType = file.storyboard; name = Base; path = Base.lproj/Main.storyboard; sourceTree = "<group>"; };
		AE99A4491D77FC69004E917A /* Assets.xcassets */ = {isa = PBXFileReference; lastKnownFileType = folder.assetcatalog; path = Assets.xcassets; sourceTree = "<group>"; };
		AE99A44C1D77FC69004E917A /* Base */ = {isa = PBXFileReference; lastKnownFileType = file.storyboard; name = Base; path = Base.lproj/LaunchScreen.storyboard; sourceTree = "<group>"; };
		AE99A44E1D77FC69004E917A /* Info.plist */ = {isa = PBXFileReference; lastKnownFileType = text.plist.xml; path = Info.plist; sourceTree = "<group>"; };
		AE99A4541D77FDAC004E917A /* GoogleService-Info.plist */ = {isa = PBXFileReference; fileEncoding = 4; lastKnownFileType = text.plist.xml; path = "GoogleService-Info.plist"; sourceTree = "<group>"; };
		AE99A4561D781FDA004E917A /* Register.swift */ = {isa = PBXFileReference; fileEncoding = 4; lastKnownFileType = sourcecode.swift; path = Register.swift; sourceTree = "<group>"; };
		AE99A4941D7C5C16004E917A /* Shuttle query.swift */ = {isa = PBXFileReference; fileEncoding = 4; lastKnownFileType = sourcecode.swift; path = "Shuttle query.swift"; sourceTree = "<group>"; };
		AE99A4961D7D3EFE004E917A /* Passengers Table.swift */ = {isa = PBXFileReference; fileEncoding = 4; lastKnownFileType = sourcecode.swift; path = "Passengers Table.swift"; sourceTree = "<group>"; };
		AE99A4981D7D8607004E917A /* Passanger.swift */ = {isa = PBXFileReference; fileEncoding = 4; lastKnownFileType = sourcecode.swift; path = Passanger.swift; sourceTree = "<group>"; };
		AE99A49B1D7D9839004E917A /* ShuttleQueryCell.swift */ = {isa = PBXFileReference; fileEncoding = 4; lastKnownFileType = sourcecode.swift; path = ShuttleQueryCell.swift; sourceTree = "<group>"; };
		C2B250C92816EB860F7965AB /* Pods_Shuttle_info.framework */ = {isa = PBXFileReference; explicitFileType = wrapper.framework; includeInIndex = 0; path = Pods_Shuttle_info.framework; sourceTree = BUILT_PRODUCTS_DIR; };
/* End PBXFileReference section */

/* Begin PBXFrameworksBuildPhase section */
		AE99A43C1D77FC69004E917A /* Frameworks */ = {
			isa = PBXFrameworksBuildPhase;
			buildActionMask = 2147483647;
			files = (
				B810C5CA1440E04A70D39297 /* Pods_Shuttle_info.framework in Frameworks */,
			);
			runOnlyForDeploymentPostprocessing = 0;
		};
/* End PBXFrameworksBuildPhase section */

/* Begin PBXGroup section */
		42233D41525FA6CE48ED4704 /* Pods */ = {
			isa = PBXGroup;
			children = (
				8D7EE99005B317973B10804E /* Pods-Shuttle info.debug.xcconfig */,
				1072CA8C92A75A290D665228 /* Pods-Shuttle info.release.xcconfig */,
			);
			name = Pods;
			sourceTree = "<group>";
		};
		AE99A4361D77FC69004E917A = {
			isa = PBXGroup;
			children = (
				AE99A4411D77FC69004E917A /* Shuttle info */,
				AE99A4401D77FC69004E917A /* Products */,
				42233D41525FA6CE48ED4704 /* Pods */,
				E7CAAC067968DEEAEF78BFA3 /* Frameworks */,
			);
			sourceTree = "<group>";
		};
		AE99A4401D77FC69004E917A /* Products */ = {
			isa = PBXGroup;
			children = (
				AE99A43F1D77FC69004E917A /* Shuttle info.app */,
			);
			name = Products;
			sourceTree = "<group>";
		};
		AE99A4411D77FC69004E917A /* Shuttle info */ = {
			isa = PBXGroup;
			children = (
				AE99A49A1D7D8639004E917A /* Classes */,
				AE99A4421D77FC69004E917A /* AppDelegate.swift */,
				AE99A4441D77FC69004E917A /* Login.swift */,
				AE99A4461D77FC69004E917A /* Main.storyboard */,
				AE99A4491D77FC69004E917A /* Assets.xcassets */,
				AE99A44B1D77FC69004E917A /* LaunchScreen.storyboard */,
				AE99A4541D77FDAC004E917A /* GoogleService-Info.plist */,
				AE99A44E1D77FC69004E917A /* Info.plist */,
				AE99A4561D781FDA004E917A /* Register.swift */,
				AE99A4941D7C5C16004E917A /* Shuttle query.swift */,
				AE99A4961D7D3EFE004E917A /* Passengers Table.swift */,
			);
			path = "Shuttle info";
			sourceTree = "<group>";
		};
		AE99A49A1D7D8639004E917A /* Classes */ = {
			isa = PBXGroup;
			children = (
				AE99A4981D7D8607004E917A /* Passanger.swift */,
				AE99A49B1D7D9839004E917A /* ShuttleQueryCell.swift */,
			);
			name = Classes;
			sourceTree = "<group>";
		};
		E7CAAC067968DEEAEF78BFA3 /* Frameworks */ = {
			isa = PBXGroup;
			children = (
				C2B250C92816EB860F7965AB /* Pods_Shuttle_info.framework */,
			);
			name = Frameworks;
			sourceTree = "<group>";
		};
/* End PBXGroup section */

/* Begin PBXNativeTarget section */
		AE99A43E1D77FC69004E917A /* Shuttle info */ = {
			isa = PBXNativeTarget;
			buildConfigurationList = AE99A4511D77FC69004E917A /* Build configuration list for PBXNativeTarget "Shuttle info" */;
			buildPhases = (
				D56914150A920ED8302FDFC2 /* [CP] Check Pods Manifest.lock */,
				AE99A43B1D77FC69004E917A /* Sources */,
				AE99A43C1D77FC69004E917A /* Frameworks */,
				AE99A43D1D77FC69004E917A /* Resources */,
				B7A2DC929D3A2C0355E21C6F /* [CP] Embed Pods Frameworks */,
				4D6D35FF7AC1844B6981EC36 /* [CP] Copy Pods Resources */,
			);
			buildRules = (
			);
			dependencies = (
			);
			name = "Shuttle info";
			productName = "Shuttle info";
			productReference = AE99A43F1D77FC69004E917A /* Shuttle info.app */;
			productType = "com.apple.product-type.application";
		};
/* End PBXNativeTarget section */

/* Begin PBXProject section */
		AE99A4371D77FC69004E917A /* Project object */ = {
			isa = PBXProject;
			attributes = {
				LastSwiftUpdateCheck = 0730;
				LastUpgradeCheck = 0730;
				ORGANIZATIONNAME = "Apple Inc.";
				TargetAttributes = {
					AE99A43E1D77FC69004E917A = {
						CreatedOnToolsVersion = 7.3;
					};
				};
			};
			buildConfigurationList = AE99A43A1D77FC69004E917A /* Build configuration list for PBXProject "Shuttle info" */;
			compatibilityVersion = "Xcode 3.2";
			developmentRegion = English;
			hasScannedForEncodings = 0;
			knownRegions = (
				en,
				Base,
			);
			mainGroup = AE99A4361D77FC69004E917A;
			productRefGroup = AE99A4401D77FC69004E917A /* Products */;
			projectDirPath = "";
			projectRoot = "";
			targets = (
				AE99A43E1D77FC69004E917A /* Shuttle info */,
			);
		};
/* End PBXProject section */

/* Begin PBXResourcesBuildPhase section */
		AE99A43D1D77FC69004E917A /* Resources */ = {
			isa = PBXResourcesBuildPhase;
			buildActionMask = 2147483647;
			files = (
				AE99A44D1D77FC69004E917A /* LaunchScreen.storyboard in Resources */,
				AE99A4551D77FDAC004E917A /* GoogleService-Info.plist in Resources */,
				AE99A44A1D77FC69004E917A /* Assets.xcassets in Resources */,
				AE99A4481D77FC69004E917A /* Main.storyboard in Resources */,
			);
			runOnlyForDeploymentPostprocessing = 0;
		};
/* End PBXResourcesBuildPhase section */

/* Begin PBXShellScriptBuildPhase section */
		4D6D35FF7AC1844B6981EC36 /* [CP] Copy Pods Resources */ = {
			isa = PBXShellScriptBuildPhase;
			buildActionMask = 2147483647;
			files = (
			);
			inputPaths = (
			);
			name = "[CP] Copy Pods Resources";
			outputPaths = (
			);
			runOnlyForDeploymentPostprocessing = 0;
			shellPath = /bin/sh;
			shellScript = "\"${SRCROOT}/Pods/Target Support Files/Pods-Shuttle info/Pods-Shuttle info-resources.sh\"\n";
			showEnvVarsInLog = 0;
		};
		B7A2DC929D3A2C0355E21C6F /* [CP] Embed Pods Frameworks */ = {
			isa = PBXShellScriptBuildPhase;
			buildActionMask = 2147483647;
			files = (
			);
			inputPaths = (
			);
			name = "[CP] Embed Pods Frameworks";
			outputPaths = (
			);
			runOnlyForDeploymentPostprocessing = 0;
			shellPath = /bin/sh;
			shellScript = "\"${SRCROOT}/Pods/Target Support Files/Pods-Shuttle info/Pods-Shuttle info-frameworks.sh\"\n";
			showEnvVarsInLog = 0;
		};
		D56914150A920ED8302FDFC2 /* [CP] Check Pods Manifest.lock */ = {
			isa = PBXShellScriptBuildPhase;
			buildActionMask = 2147483647;
			files = (
			);
			inputPaths = (
			);
			name = "[CP] Check Pods Manifest.lock";
			outputPaths = (
			);
			runOnlyForDeploymentPostprocessing = 0;
			shellPath = /bin/sh;
			shellScript = "diff \"${PODS_ROOT}/../Podfile.lock\" \"${PODS_ROOT}/Manifest.lock\" > /dev/null\nif [[ $? != 0 ]] ; then\n    cat << EOM\nerror: The sandbox is not in sync with the Podfile.lock. Run 'pod install' or update your CocoaPods installation.\nEOM\n    exit 1\nfi\n";
			showEnvVarsInLog = 0;
		};
/* End PBXShellScriptBuildPhase section */

/* Begin PBXSourcesBuildPhase section */
		AE99A43B1D77FC69004E917A /* Sources */ = {
			isa = PBXSourcesBuildPhase;
			buildActionMask = 2147483647;
			files = (
				AE99A4571D781FDA004E917A /* Register.swift in Sources */,
				AE99A4951D7C5C16004E917A /* Shuttle query.swift in Sources */,
				AE99A4991D7D8607004E917A /* Passanger.swift in Sources */,
				AE99A4451D77FC69004E917A /* Login.swift in Sources */,
				AE99A4971D7D3EFE004E917A /* Passengers Table.swift in Sources */,
				AE99A49C1D7D9839004E917A /* ShuttleQueryCell.swift in Sources */,
				AE99A4431D77FC69004E917A /* AppDelegate.swift in Sources */,
			);
			runOnlyForDeploymentPostprocessing = 0;
		};
/* End PBXSourcesBuildPhase section */

/* Begin PBXVariantGroup section */
		AE99A4461D77FC69004E917A /* Main.storyboard */ = {
			isa = PBXVariantGroup;
			children = (
				AE99A4471D77FC69004E917A /* Base */,
			);
			name = Main.storyboard;
			sourceTree = "<group>";
		};
		AE99A44B1D77FC69004E917A /* LaunchScreen.storyboard */ = {
			isa = PBXVariantGroup;
			children = (
				AE99A44C1D77FC69004E917A /* Base */,
			);
			name = LaunchScreen.storyboard;
			sourceTree = "<group>";
		};
/* End PBXVariantGroup section */

/* Begin XCBuildConfiguration section */
		AE99A44F1D77FC69004E917A /* Debug */ = {
			isa = XCBuildConfiguration;
			buildSettings = {
				ALWAYS_SEARCH_USER_PATHS = NO;
				CLANG_ANALYZER_NONNULL = YES;
				CLANG_CXX_LANGUAGE_STANDARD = "gnu++0x";
				CLANG_CXX_LIBRARY = "libc++";
				CLANG_ENABLE_MODULES = YES;
				CLANG_ENABLE_OBJC_ARC = YES;
				CLANG_WARN_BOOL_CONVERSION = YES;
				CLANG_WARN_CONSTANT_CONVERSION = YES;
				CLANG_WARN_DIRECT_OBJC_ISA_USAGE = YES_ERROR;
				CLANG_WARN_EMPTY_BODY = YES;
				CLANG_WARN_ENUM_CONVERSION = YES;
				CLANG_WARN_INT_CONVERSION = YES;
				CLANG_WARN_OBJC_ROOT_CLASS = YES_ERROR;
				CLANG_WARN_UNREACHABLE_CODE = YES;
				CLANG_WARN__DUPLICATE_METHOD_MATCH = YES;
				"CODE_SIGN_IDENTITY[sdk=iphoneos*]" = "iPhone Developer";
				COPY_PHASE_STRIP = NO;
				DEBUG_INFORMATION_FORMAT = dwarf;
				ENABLE_STRICT_OBJC_MSGSEND = YES;
				ENABLE_TESTABILITY = YES;
				GCC_C_LANGUAGE_STANDARD = gnu99;
				GCC_DYNAMIC_NO_PIC = NO;
				GCC_NO_COMMON_BLOCKS = YES;
				GCC_OPTIMIZATION_LEVEL = 0;
				GCC_PREPROCESSOR_DEFINITIONS = (
					"DEBUG=1",
					"$(inherited)",
				);
				GCC_WARN_64_TO_32_BIT_CONVERSION = YES;
				GCC_WARN_ABOUT_RETURN_TYPE = YES_ERROR;
				GCC_WARN_UNDECLARED_SELECTOR = YES;
				GCC_WARN_UNINITIALIZED_AUTOS = YES_AGGRESSIVE;
				GCC_WARN_UNUSED_FUNCTION = YES;
				GCC_WARN_UNUSED_VARIABLE = YES;
				IPHONEOS_DEPLOYMENT_TARGET = 9.3;
				MTL_ENABLE_DEBUG_INFO = YES;
				ONLY_ACTIVE_ARCH = YES;
				SDKROOT = iphoneos;
				SWIFT_OPTIMIZATION_LEVEL = "-Onone";
				TARGETED_DEVICE_FAMILY = "1,2";
			};
			name = Debug;
		};
		AE99A4501D77FC69004E917A /* Release */ = {
			isa = XCBuildConfiguration;
			buildSettings = {
				ALWAYS_SEARCH_USER_PATHS = NO;
				CLANG_ANALYZER_NONNULL = YES;
				CLANG_CXX_LANGUAGE_STANDARD = "gnu++0x";
				CLANG_CXX_LIBRARY = "libc++";
				CLANG_ENABLE_MODULES = YES;
				CLANG_ENABLE_OBJC_ARC = YES;
				CLANG_WARN_BOOL_CONVERSION = YES;
				CLANG_WARN_CONSTANT_CONVERSION = YES;
				CLANG_WARN_DIRECT_OBJC_ISA_USAGE = YES_ERROR;
				CLANG_WARN_EMPTY_BODY = YES;
				CLANG_WARN_ENUM_CONVERSION = YES;
				CLANG_WARN_INT_CONVERSION = YES;
				CLANG_WARN_OBJC_ROOT_CLASS = YES_ERROR;
				CLANG_WARN_UNREACHABLE_CODE = YES;
				CLANG_WARN__DUPLICATE_METHOD_MATCH = YES;
				"CODE_SIGN_IDENTITY[sdk=iphoneos*]" = "iPhone Developer";
				COPY_PHASE_STRIP = NO;
				DEBUG_INFORMATION_FORMAT = "dwarf-with-dsym";
				ENABLE_NS_ASSERTIONS = NO;
				ENABLE_STRICT_OBJC_MSGSEND = YES;
				GCC_C_LANGUAGE_STANDARD = gnu99;
				GCC_NO_COMMON_BLOCKS = YES;
				GCC_WARN_64_TO_32_BIT_CONVERSION = YES;
				GCC_WARN_ABOUT_RETURN_TYPE = YES_ERROR;
				GCC_WARN_UNDECLARED_SELECTOR = YES;
				GCC_WARN_UNINITIALIZED_AUTOS = YES_AGGRESSIVE;
				GCC_WARN_UNUSED_FUNCTION = YES;
				GCC_WARN_UNUSED_VARIABLE = YES;
				IPHONEOS_DEPLOYMENT_TARGET = 9.3;
				MTL_ENABLE_DEBUG_INFO = NO;
				SDKROOT = iphoneos;
				TARGETED_DEVICE_FAMILY = "1,2";
				VALIDATE_PRODUCT = YES;
			};
			name = Release;
		};
		AE99A4521D77FC69004E917A /* Debug */ = {
			isa = XCBuildConfiguration;
			baseConfigurationReference = 8D7EE99005B317973B10804E /* Pods-Shuttle info.debug.xcconfig */;
			buildSettings = {
				ASSETCATALOG_COMPILER_APPICON_NAME = AppIcon;
				INFOPLIST_FILE = "Shuttle info/Info.plist";
				LD_RUNPATH_SEARCH_PATHS = "$(inherited) @executable_path/Frameworks";
				PRODUCT_BUNDLE_IDENTIFIER = "com.example.Shuttle-info";
				PRODUCT_NAME = "$(TARGET_NAME)";
			};
			name = Debug;
		};
		AE99A4531D77FC69004E917A /* Release */ = {
			isa = XCBuildConfiguration;
			baseConfigurationReference = 1072CA8C92A75A290D665228 /* Pods-Shuttle info.release.xcconfig */;
			buildSettings = {
				ASSETCATALOG_COMPILER_APPICON_NAME = AppIcon;
				INFOPLIST_FILE = "Shuttle info/Info.plist";
				LD_RUNPATH_SEARCH_PATHS = "$(inherited) @executable_path/Frameworks";
				PRODUCT_BUNDLE_IDENTIFIER = "com.example.Shuttle-info";
				PRODUCT_NAME = "$(TARGET_NAME)";
			};
			name = Release;
		};
/* End XCBuildConfiguration section */

/* Begin XCConfigurationList section */
		AE99A43A1D77FC69004E917A /* Build configuration list for PBXProject "Shuttle info" */ = {
			isa = XCConfigurationList;
			buildConfigurations = (
				AE99A44F1D77FC69004E917A /* Debug */,
				AE99A4501D77FC69004E917A /* Release */,
			);
			defaultConfigurationIsVisible = 0;
			defaultConfigurationName = Release;
		};
		AE99A4511D77FC69004E917A /* Build configuration list for PBXNativeTarget "Shuttle info" */ = {
			isa = XCConfigurationList;
			buildConfigurations = (
				AE99A4521D77FC69004E917A /* Debug */,
				AE99A4531D77FC69004E917A /* Release */,
			);
			defaultConfigurationIsVisible = 0;
			defaultConfigurationName = Release;
		};
/* End XCConfigurationList section */
	};
	rootObject = AE99A4371D77FC69004E917A /* Project object */;
}
